
Microsoft Visual Studio Solution File, Format Version 11.00
# Visual Studio 2010
Project("{FAE04EC0-301F-11D3-BF4B-00C04F79EFBC}") = "BIO385 Cholera Toxin", "Assembly-CSharp.csproj", "{26F90434-D034-8E3B-B99E-7669E94010C3}"
EndProject
Project("{FAE04EC0-301F-11D3-BF4B-00C04F79EFBC}") = "BIO385 Cholera Toxin", "Assembly-CSharp-Editor.csproj", "{F7884652-1420-FA37-E76C-0B0C02C531B0}"
EndProject
Global
	GlobalSection(SolutionConfigurationPlatforms) = preSolution
		Debug|Any CPU = Debug|Any CPU
		Release|Any CPU = Release|Any CPU
	EndGlobalSection
	GlobalSection(ProjectConfigurationPlatforms) = postSolution
		{26F90434-D034-8E3B-B99E-7669E94010C3}.Debug|Any CPU.ActiveCfg = Debug|Any CPU
		{26F90434-D034-8E3B-B99E-7669E94010C3}.Debug|Any CPU.Build.0 = Debug|Any CPU
		{26F90434-D034-8E3B-B99E-7669E94010C3}.Release|Any CPU.ActiveCfg = Release|Any CPU
		{26F90434-D034-8E3B-B99E-7669E94010C3}.Release|Any CPU.Build.0 = Release|Any CPU
		{F7884652-1420-FA37-E76C-0B0C02C531B0}.Debug|Any CPU.ActiveCfg = Debug|Any CPU
		{F7884652-1420-FA37-E76C-0B0C02C531B0}.Debug|Any CPU.Build.0 = Debug|Any CPU
		{F7884652-1420-FA37-E76C-0B0C02C531B0}.Release|Any CPU.ActiveCfg = Release|Any CPU
		{F7884652-1420-FA37-E76C-0B0C02C531B0}.Release|Any CPU.Build.0 = Release|Any CPU
	EndGlobalSection
	GlobalSection(SolutionProperties) = preSolution
		HideSolutionNode = FALSE
	EndGlobalSection
	GlobalSection(MonoDevelopProperties) = preSolution
		StartupItem = Assembly-CSharp.csproj
	EndGlobalSection
EndGlobal
